// !$*UTF8*$!
{
	archiveVersion = 1;
	classes = {
	};
	objectVersion = 77;
	objects = {

/* Begin PBXBuildFile section */
		7B4CCB032DE5F056009C1F8D /* InfoPlist.strings in Resources */ = {isa = PBXBuildFile; fileRef = 7B4CCB012DE5F056009C1F8D /* InfoPlist.strings */; };
		7B4CCC0D2DE60773009C1F8D /* Localizable.strings in Resources */ = {isa = PBXBuildFile; fileRef = 7B4CCC0B2DE60773009C1F8D /* Localizable.strings */; };
/* End PBXBuildFile section */

/* Begin PBXContainerItemProxy section */
		7B4CCAD42DE5EE55009C1F8D /* PBXContainerItemProxy */ = {
			isa = PBXContainerItemProxy;
			containerPortal = 7B4CCABE2DE5EE53009C1F8D /* Project object */;
			proxyType = 1;
			remoteGlobalIDString = 7B4CCAC52DE5EE53009C1F8D;
			remoteInfo = ChaoVoice;
		};
		7B4CCADE2DE5EE55009C1F8D /* PBXContainerItemProxy */ = {
			isa = PBXContainerItemProxy;
			containerPortal = 7B4CCABE2DE5EE53009C1F8D /* Project object */;
			proxyType = 1;
			remoteGlobalIDString = 7B4CCAC52DE5EE53009C1F8D;
			remoteInfo = ChaoVoice;
		};
/* End PBXContainerItemProxy section */

/* Begin PBXFileReference section */
		7B4CCAC62DE5EE53009C1F8D /* ChaoVoice.app */ = {isa = PBXFileReference; explicitFileType = wrapper.application; includeInIndex = 0; path = ChaoVoice.app; sourceTree = BUILT_PRODUCTS_DIR; };
		7B4CCAD32DE5EE55009C1F8D /* ChaoVoiceTests.xctest */ = {isa = PBXFileReference; explicitFileType = wrapper.cfbundle; includeInIndex = 0; path = ChaoVoiceTests.xctest; sourceTree = BUILT_PRODUCTS_DIR; };
		7B4CCADD2DE5EE55009C1F8D /* ChaoVoiceUITests.xctest */ = {isa = PBXFileReference; explicitFileType = wrapper.cfbundle; includeInIndex = 0; path = ChaoVoiceUITests.xctest; sourceTree = BUILT_PRODUCTS_DIR; };
		7B4CCB022DE5F056009C1F8D /* en */ = {isa = PBXFileReference; lastKnownFileType = text.plist.strings; name = en; path = en.lproj/InfoPlist.strings; sourceTree = "<group>"; };
		7B4CCB042DE5F0FE009C1F8D /* zh-Hans */ = {isa = PBXFileReference; lastKnownFileType = text.plist.strings; name = "zh-Hans"; path = "zh-Hans.lproj/InfoPlist.strings"; sourceTree = "<group>"; };
		7B4CCB052DE5F10E009C1F8D /* zh-Hant */ = {isa = PBXFileReference; lastKnownFileType = text.plist.strings; name = "zh-Hant"; path = "zh-Hant.lproj/InfoPlist.strings"; sourceTree = "<group>"; };
		7B4CCC0C2DE60773009C1F8D /* en */ = {isa = PBXFileReference; lastKnownFileType = text.plist.strings; name = en; path = en.lproj/Localizable.strings; sourceTree = "<group>"; };
		7B4CCC0E2DE608CA009C1F8D /* zh-Hans */ = {isa = PBXFileReference; lastKnownFileType = text.plist.strings; name = "zh-Hans"; path = "zh-Hans.lproj/Localizable.strings"; sourceTree = "<group>"; };
		7B4CCC0F2DE608CB009C1F8D /* zh-Hant */ = {isa = PBXFileReference; lastKnownFileType = text.plist.strings; name = "zh-Hant"; path = "zh-Hant.lproj/Localizable.strings"; sourceTree = "<group>"; };
/* End PBXFileReference section */

/* Begin PBXFileSystemSynchronizedBuildFileExceptionSet section */
		7B4CCBFD2DE5F7BD009C1F8D /* Exceptions for "ChaoVoice" folder in "ChaoVoice" target */ = {
			isa = PBXFileSystemSynchronizedBuildFileExceptionSet;
			membershipExceptions = (
				Info.plist,
			);
			target = 7B4CCAC52DE5EE53009C1F8D /* ChaoVoice */;
		};
/* End PBXFileSystemSynchronizedBuildFileExceptionSet section */

/* Begin PBXFileSystemSynchronizedRootGroup section */
		7B4CCAC82DE5EE53009C1F8D /* ChaoVoice */ = {
			isa = PBXFileSystemSynchronizedRootGroup;
			exceptions = (
				7B4CCBFD2DE5F7BD009C1F8D /* Exceptions for "ChaoVoice" folder in "ChaoVoice" target */,
			);
			path = ChaoVoice;
			sourceTree = "<group>";
		};
		7B4CCAD62DE5EE55009C1F8D /* ChaoVoiceTests */ = {
			isa = PBXFileSystemSynchronizedRootGroup;
			path = ChaoVoiceTests;
			sourceTree = "<group>";
		};
		7B4CCAE02DE5EE55009C1F8D /* ChaoVoiceUITests */ = {
			isa = PBXFileSystemSynchronizedRootGroup;
			path = ChaoVoiceUITests;
			sourceTree = "<group>";
		};
		7B4CCC4D2DE8CB1D009C1F8D /* Resources */ = {
			isa = PBXFileSystemSynchronizedRootGroup;
			path = Resources;
			sourceTree = "<group>";
		};
/* End PBXFileSystemSynchronizedRootGroup section */

/* Begin PBXFrameworksBuildPhase section */
		7B4CCAC32DE5EE53009C1F8D /* Frameworks */ = {
			isa = PBXFrameworksBuildPhase;
			buildActionMask = 2147483647;
			files = (
			);
			runOnlyForDeploymentPostprocessing = 0;
		};
		7B4CCAD02DE5EE55009C1F8D /* Frameworks */ = {
			isa = PBXFrameworksBuildPhase;
			buildActionMask = 2147483647;
			files = (
			);
			runOnlyForDeploymentPostprocessing = 0;
		};
		7B4CCADA2DE5EE55009C1F8D /* Frameworks */ = {
			isa = PBXFrameworksBuildPhase;
			buildActionMask = 2147483647;
			files = (
			);
			runOnlyForDeploymentPostprocessing = 0;
		};
/* End PBXFrameworksBuildPhase section */

/* Begin PBXGroup section */
		7B4CCABD2DE5EE53009C1F8D = {
			isa = PBXGroup;
			children = (
				7B4CCC4D2DE8CB1D009C1F8D /* Resources */,
				7B4CCC0B2DE60773009C1F8D /* Localizable.strings */,
				7B4CCB012DE5F056009C1F8D /* InfoPlist.strings */,
				7B4CCAC82DE5EE53009C1F8D /* ChaoVoice */,
				7B4CCAD62DE5EE55009C1F8D /* ChaoVoiceTests */,
				7B4CCAE02DE5EE55009C1F8D /* ChaoVoiceUITests */,
				7B4CCAC72DE5EE53009C1F8D /* Products */,
			);
			sourceTree = "<group>";
		};
		7B4CCAC72DE5EE53009C1F8D /* Products */ = {
			isa = PBXGroup;
			children = (
				7B4CCAC62DE5EE53009C1F8D /* ChaoVoice.app */,
				7B4CCAD32DE5EE55009C1F8D /* ChaoVoiceTests.xctest */,
				7B4CCADD2DE5EE55009C1F8D /* ChaoVoiceUITests.xctest */,
			);
			name = Products;
			sourceTree = "<group>";
		};
/* End PBXGroup section */

/* Begin PBXNativeTarget section */
		7B4CCAC52DE5EE53009C1F8D /* ChaoVoice */ = {
			isa = PBXNativeTarget;
			buildConfigurationList = 7B4CCAE72DE5EE55009C1F8D /* Build configuration list for PBXNativeTarget "ChaoVoice" */;
			buildPhases = (
				7B4CCAC22DE5EE53009C1F8D /* Sources */,
				7B4CCAC32DE5EE53009C1F8D /* Frameworks */,
				7B4CCAC42DE5EE53009C1F8D /* Resources */,
			);
			buildRules = (
			);
			dependencies = (
			);
			fileSystemSynchronizedGroups = (
				7B4CCAC82DE5EE53009C1F8D /* ChaoVoice */,
				7B4CCC4D2DE8CB1D009C1F8D /* Resources */,
			);
			name = ChaoVoice;
			packageProductDependencies = (
			);
			productName = ChaoVoice;
			productReference = 7B4CCAC62DE5EE53009C1F8D /* ChaoVoice.app */;
			productType = "com.apple.product-type.application";
		};
		7B4CCAD22DE5EE55009C1F8D /* ChaoVoiceTests */ = {
			isa = PBXNativeTarget;
			buildConfigurationList = 7B4CCAEA2DE5EE55009C1F8D /* Build configuration list for PBXNativeTarget "ChaoVoiceTests" */;
			buildPhases = (
				7B4CCACF2DE5EE55009C1F8D /* Sources */,
				7B4CCAD02DE5EE55009C1F8D /* Frameworks */,
				7B4CCAD12DE5EE55009C1F8D /* Resources */,
			);
			buildRules = (
			);
			dependencies = (
				7B4CCAD52DE5EE55009C1F8D /* PBXTargetDependency */,
			);
			fileSystemSynchronizedGroups = (
				7B4CCAD62DE5EE55009C1F8D /* ChaoVoiceTests */,
			);
			name = ChaoVoiceTests;
			packageProductDependencies = (
			);
			productName = ChaoVoiceTests;
			productReference = 7B4CCAD32DE5EE55009C1F8D /* ChaoVoiceTests.xctest */;
			productType = "com.apple.product-type.bundle.unit-test";
		};
		7B4CCADC2DE5EE55009C1F8D /* ChaoVoiceUITests */ = {
			isa = PBXNativeTarget;
			buildConfigurationList = 7B4CCAED2DE5EE55009C1F8D /* Build configuration list for PBXNativeTarget "ChaoVoiceUITests" */;
			buildPhases = (
				7B4CCAD92DE5EE55009C1F8D /* Sources */,
				7B4CCADA2DE5EE55009C1F8D /* Frameworks */,
				7B4CCADB2DE5EE55009C1F8D /* Resources */,
			);
			buildRules = (
			);
			dependencies = (
				7B4CCADF2DE5EE55009C1F8D /* PBXTargetDependency */,
			);
			fileSystemSynchronizedGroups = (
				7B4CCAE02DE5EE55009C1F8D /* ChaoVoiceUITests */,
			);
			name = ChaoVoiceUITests;
			packageProductDependencies = (
			);
			productName = ChaoVoiceUITests;
			productReference = 7B4CCADD2DE5EE55009C1F8D /* ChaoVoiceUITests.xctest */;
			productType = "com.apple.product-type.bundle.ui-testing";
		};
/* End PBXNativeTarget section */

/* Begin PBXProject section */
		7B4CCABE2DE5EE53009C1F8D /* Project object */ = {
			isa = PBXProject;
			attributes = {
				BuildIndependentTargetsInParallel = 1;
				LastSwiftUpdateCheck = 1630;
				LastUpgradeCheck = 1630;
				TargetAttributes = {
					7B4CCAC52DE5EE53009C1F8D = {
						CreatedOnToolsVersion = 16.3;
					};
					7B4CCAD22DE5EE55009C1F8D = {
						CreatedOnToolsVersion = 16.3;
						TestTargetID = 7B4CCAC52DE5EE53009C1F8D;
					};
					7B4CCADC2DE5EE55009C1F8D = {
						CreatedOnToolsVersion = 16.3;
						TestTargetID = 7B4CCAC52DE5EE53009C1F8D;
					};
				};
			};
			buildConfigurationList = 7B4CCAC12DE5EE53009C1F8D /* Build configuration list for PBXProject "ChaoVoice" */;
			developmentRegion = en;
			hasScannedForEncodings = 0;
			knownRegions = (
				en,
				Base,
				"zh-Hans",
				"zh-Hant",
			);
			mainGroup = 7B4CCABD2DE5EE53009C1F8D;
			minimizedProjectReferenceProxies = 1;
			preferredProjectObjectVersion = 77;
			productRefGroup = 7B4CCAC72DE5EE53009C1F8D /* Products */;
			projectDirPath = "";
			projectRoot = "";
			targets = (
				7B4CCAC52DE5EE53009C1F8D /* ChaoVoice */,
				7B4CCAD22DE5EE55009C1F8D /* ChaoVoiceTests */,
				7B4CCADC2DE5EE55009C1F8D /* ChaoVoiceUITests */,
			);
		};
/* End PBXProject section */

/* Begin PBXResourcesBuildPhase section */
		7B4CCAC42DE5EE53009C1F8D /* Resources */ = {
			isa = PBXResourcesBuildPhase;
			buildActionMask = 2147483647;
			files = (
				7B4CCB032DE5F056009C1F8D /* InfoPlist.strings in Resources */,
				7B4CCC0D2DE60773009C1F8D /* Localizable.strings in Resources */,
			);
			runOnlyForDeploymentPostprocessing = 0;
		};
		7B4CCAD12DE5EE55009C1F8D /* Resources */ = {
			isa = PBXResourcesBuildPhase;
			buildActionMask = 2147483647;
			files = (
			);
			runOnlyForDeploymentPostprocessing = 0;
		};
		7B4CCADB2DE5EE55009C1F8D /* Resources */ = {
			isa = PBXResourcesBuildPhase;
			buildActionMask = 2147483647;
			files = (
			);
			runOnlyForDeploymentPostprocessing = 0;
		};
/* End PBXResourcesBuildPhase section */

/* Begin PBXSourcesBuildPhase section */
		7B4CCAC22DE5EE53009C1F8D /* Sources */ = {
			isa = PBXSourcesBuildPhase;
			buildActionMask = 2147483647;
			files = (
			);
			runOnlyForDeploymentPostprocessing = 0;
		};
		7B4CCACF2DE5EE55009C1F8D /* Sources */ = {
			isa = PBXSourcesBuildPhase;
			buildActionMask = 2147483647;
			files = (
			);
			runOnlyForDeploymentPostprocessing = 0;
		};
		7B4CCAD92DE5EE55009C1F8D /* Sources */ = {
			isa = PBXSourcesBuildPhase;
			buildActionMask = 2147483647;
			files = (
			);
			runOnlyForDeploymentPostprocessing = 0;
		};
/* End PBXSourcesBuildPhase section */

/* Begin PBXTargetDependency section */
		7B4CCAD52DE5EE55009C1F8D /* PBXTargetDependency */ = {
			isa = PBXTargetDependency;
			target = 7B4CCAC52DE5EE53009C1F8D /* ChaoVoice */;
			targetProxy = 7B4CCAD42DE5EE55009C1F8D /* PBXContainerItemProxy */;
		};
		7B4CCADF2DE5EE55009C1F8D /* PBXTargetDependency */ = {
			isa = PBXTargetDependency;
			target = 7B4CCAC52DE5EE53009C1F8D /* ChaoVoice */;
			targetProxy = 7B4CCADE2DE5EE55009C1F8D /* PBXContainerItemProxy */;
		};
/* End PBXTargetDependency section */

/* Begin PBXVariantGroup section */
		7B4CCB012DE5F056009C1F8D /* InfoPlist.strings */ = {
			isa = PBXVariantGroup;
			children = (
				7B4CCB022DE5F056009C1F8D /* en */,
				7B4CCB042DE5F0FE009C1F8D /* zh-Hans */,
				7B4CCB052DE5F10E009C1F8D /* zh-Hant */,
			);
			name = InfoPlist.strings;
			sourceTree = "<group>";
		};
		7B4CCC0B2DE60773009C1F8D /* Localizable.strings */ = {
			isa = PBXVariantGroup;
			children = (
				7B4CCC0C2DE60773009C1F8D /* en */,
				7B4CCC0E2DE608CA009C1F8D /* zh-Hans */,
				7B4CCC0F2DE608CB009C1F8D /* zh-Hant */,
			);
			name = Localizable.strings;
			sourceTree = "<group>";
		};
/* End PBXVariantGroup section */

/* Begin XCBuildConfiguration section */
		7B4CCAE52DE5EE55009C1F8D /* Debug */ = {
			isa = XCBuildConfiguration;
			buildSettings = {
				ALWAYS_SEARCH_USER_PATHS = NO;
				ASSETCATALOG_COMPILER_GENERATE_SWIFT_ASSET_SYMBOL_EXTENSIONS = YES;
				CLANG_ANALYZER_LOCALIZABILITY_NONLOCALIZED = YES;
				CLANG_ANALYZER_NONNULL = YES;
				CLANG_ANALYZER_NUMBER_OBJECT_CONVERSION = YES_AGGRESSIVE;
				CLANG_CXX_LANGUAGE_STANDARD = "gnu++20";
				CLANG_ENABLE_MODULES = YES;
				CLANG_ENABLE_OBJC_ARC = YES;
				CLANG_ENABLE_OBJC_WEAK = YES;
				CLANG_WARN_BLOCK_CAPTURE_AUTORELEASING = YES;
				CLANG_WARN_BOOL_CONVERSION = YES;
				CLANG_WARN_COMMA = YES;
				CLANG_WARN_CONSTANT_CONVERSION = YES;
				CLANG_WARN_DEPRECATED_OBJC_IMPLEMENTATIONS = YES;
				CLANG_WARN_DIRECT_OBJC_ISA_USAGE = YES_ERROR;
				CLANG_WARN_DOCUMENTATION_COMMENTS = YES;
				CLANG_WARN_EMPTY_BODY = YES;
				CLANG_WARN_ENUM_CONVERSION = YES;
				CLANG_WARN_INFINITE_RECURSION = YES;
				CLANG_WARN_INT_CONVERSION = YES;
				CLANG_WARN_NON_LITERAL_NULL_CONVERSION = YES;
				CLANG_WARN_OBJC_IMPLICIT_RETAIN_SELF = YES;
				CLANG_WARN_OBJC_LITERAL_CONVERSION = YES;
				CLANG_WARN_OBJC_ROOT_CLASS = YES_ERROR;
				CLANG_WARN_QUOTED_INCLUDE_IN_FRAMEWORK_HEADER = YES;
				CLANG_WARN_RANGE_LOOP_ANALYSIS = YES;
				CLANG_WARN_STRICT_PROTOTYPES = YES;
				CLANG_WARN_SUSPICIOUS_MOVE = YES;
				CLANG_WARN_UNGUARDED_AVAILABILITY = YES_AGGRESSIVE;
				CLANG_WARN_UNREACHABLE_CODE = YES;
				CLANG_WARN__DUPLICATE_METHOD_MATCH = YES;
				COPY_PHASE_STRIP = NO;
				DEBUG_INFORMATION_FORMAT = dwarf;
				ENABLE_STRICT_OBJC_MSGSEND = YES;
				ENABLE_TESTABILITY = YES;
				ENABLE_USER_SCRIPT_SANDBOXING = YES;
				GCC_C_LANGUAGE_STANDARD = gnu17;
				GCC_DYNAMIC_NO_PIC = NO;
				GCC_NO_COMMON_BLOCKS = YES;
				GCC_OPTIMIZATION_LEVEL = 0;
				GCC_PREPROCESSOR_DEFINITIONS = (
					"DEBUG=1",
					"$(inherited)",
				);
				GCC_WARN_64_TO_32_BIT_CONVERSION = YES;
				GCC_WARN_ABOUT_RETURN_TYPE = YES_ERROR;
				GCC_WARN_UNDECLARED_SELECTOR = YES;
				GCC_WARN_UNINITIALIZED_AUTOS = YES_AGGRESSIVE;
				GCC_WARN_UNUSED_FUNCTION = YES;
				GCC_WARN_UNUSED_VARIABLE = YES;
				IPHONEOS_DEPLOYMENT_TARGET = 18.4;
				LOCALIZATION_PREFERS_STRING_CATALOGS = YES;
				MTL_ENABLE_DEBUG_INFO = INCLUDE_SOURCE;
				MTL_FAST_MATH = YES;
				ONLY_ACTIVE_ARCH = YES;
				SDKROOT = iphoneos;
				SWIFT_ACTIVE_COMPILATION_CONDITIONS = "DEBUG $(inherited)";
				SWIFT_OPTIMIZATION_LEVEL = "-Onone";
			};
			name = Debug;
		};
		7B4CCAE62DE5EE55009C1F8D /* Release */ = {
			isa = XCBuildConfiguration;
			buildSettings = {
				ALWAYS_SEARCH_USER_PATHS = NO;
				ASSETCATALOG_COMPILER_GENERATE_SWIFT_ASSET_SYMBOL_EXTENSIONS = YES;
				CLANG_ANALYZER_LOCALIZABILITY_NONLOCALIZED = YES;
				CLANG_ANALYZER_NONNULL = YES;
				CLANG_ANALYZER_NUMBER_OBJECT_CONVERSION = YES_AGGRESSIVE;
				CLANG_CXX_LANGUAGE_STANDARD = "gnu++20";
				CLANG_ENABLE_MODULES = YES;
				CLANG_ENABLE_OBJC_ARC = YES;
				CLANG_ENABLE_OBJC_WEAK = YES;
				CLANG_WARN_BLOCK_CAPTURE_AUTORELEASING = YES;
				CLANG_WARN_BOOL_CONVERSION = YES;
				CLANG_WARN_COMMA = YES;
				CLANG_WARN_CONSTANT_CONVERSION = YES;
				CLANG_WARN_DEPRECATED_OBJC_IMPLEMENTATIONS = YES;
				CLANG_WARN_DIRECT_OBJC_ISA_USAGE = YES_ERROR;
				CLANG_WARN_DOCUMENTATION_COMMENTS = YES;
				CLANG_WARN_EMPTY_BODY = YES;
				CLANG_WARN_ENUM_CONVERSION = YES;
				CLANG_WARN_INFINITE_RECURSION = YES;
				CLANG_WARN_INT_CONVERSION = YES;
				CLANG_WARN_NON_LITERAL_NULL_CONVERSION = YES;
				CLANG_WARN_OBJC_IMPLICIT_RETAIN_SELF = YES;
				CLANG_WARN_OBJC_LITERAL_CONVERSION = YES;
				CLANG_WARN_OBJC_ROOT_CLASS = YES_ERROR;
				CLANG_WARN_QUOTED_INCLUDE_IN_FRAMEWORK_HEADER = YES;
				CLANG_WARN_RANGE_LOOP_ANALYSIS = YES;
				CLANG_WARN_STRICT_PROTOTYPES = YES;
				CLANG_WARN_SUSPICIOUS_MOVE = YES;
				CLANG_WARN_UNGUARDED_AVAILABILITY = YES_AGGRESSIVE;
				CLANG_WARN_UNREACHABLE_CODE = YES;
				CLANG_WARN__DUPLICATE_METHOD_MATCH = YES;
				COPY_PHASE_STRIP = NO;
				DEBUG_INFORMATION_FORMAT = "dwarf-with-dsym";
				ENABLE_NS_ASSERTIONS = NO;
				ENABLE_STRICT_OBJC_MSGSEND = YES;
				ENABLE_USER_SCRIPT_SANDBOXING = YES;
				GCC_C_LANGUAGE_STANDARD = gnu17;
				GCC_NO_COMMON_BLOCKS = YES;
				GCC_WARN_64_TO_32_BIT_CONVERSION = YES;
				GCC_WARN_ABOUT_RETURN_TYPE = YES_ERROR;
				GCC_WARN_UNDECLARED_SELECTOR = YES;
				GCC_WARN_UNINITIALIZED_AUTOS = YES_AGGRESSIVE;
				GCC_WARN_UNUSED_FUNCTION = YES;
				GCC_WARN_UNUSED_VARIABLE = YES;
				IPHONEOS_DEPLOYMENT_TARGET = 18.4;
				LOCALIZATION_PREFERS_STRING_CATALOGS = YES;
				MTL_ENABLE_DEBUG_INFO = NO;
				MTL_FAST_MATH = YES;
				SDKROOT = iphoneos;
				SWIFT_COMPILATION_MODE = wholemodule;
				VALIDATE_PRODUCT = YES;
			};
			name = Release;
		};
		7B4CCAE82DE5EE55009C1F8D /* Debug */ = {
			isa = XCBuildConfiguration;
			buildSettings = {
				ASSETCATALOG_COMPILER_APPICON_NAME = AppIcon;
				ASSETCATALOG_COMPILER_GLOBAL_ACCENT_COLOR_NAME = AccentColor;
				CODE_SIGN_STYLE = Automatic;
				CURRENT_PROJECT_VERSION = 1;
				DEVELOPMENT_TEAM = 8AGR6Y2GE4;
				ENABLE_PREVIEWS = YES;
				GENERATE_INFOPLIST_FILE = YES;
				INFOPLIST_FILE = ChaoVoice/Info.plist;
				INFOPLIST_KEY_UIApplicationSceneManifest_Generation = YES;
				INFOPLIST_KEY_UIApplicationSupportsIndirectInputEvents = YES;
				INFOPLIST_KEY_UILaunchScreen_Generation = YES;
				INFOPLIST_KEY_UISupportedInterfaceOrientations_iPad = "UIInterfaceOrientationPortrait UIInterfaceOrientationPortraitUpsideDown UIInterfaceOrientationLandscapeLeft UIInterfaceOrientationLandscapeRight";
				INFOPLIST_KEY_UISupportedInterfaceOrientations_iPhone = "UIInterfaceOrientationPortrait UIInterfaceOrientationLandscapeLeft UIInterfaceOrientationLandscapeRight";
				IPHONEOS_DEPLOYMENT_TARGET = 17.0;
				LD_RUNPATH_SEARCH_PATHS = (
					"$(inherited)",
					"@executable_path/Frameworks",
				);
				MARKETING_VERSION = 1.0;
				PRODUCT_BUNDLE_IDENTIFIER = app.Doraimon.ChaoVoice;
				PRODUCT_NAME = "$(TARGET_NAME)";
				SWIFT_EMIT_LOC_STRINGS = YES;
				SWIFT_VERSION = 5.0;
				TARGETED_DEVICE_FAMILY = "1,2";
			};
			name = Debug;
		};
		7B4CCAE92DE5EE55009C1F8D /* Release */ = {
			isa = XCBuildConfiguration;
			buildSettings = {
				ASSETCATALOG_COMPILER_APPICON_NAME = AppIcon;
				ASSETCATALOG_COMPILER_GLOBAL_ACCENT_COLOR_NAME = AccentColor;
				CODE_SIGN_STYLE = Automatic;
				CURRENT_PROJECT_VERSION = 1;
				DEVELOPMENT_TEAM = 8AGR6Y2GE4;
				ENABLE_PREVIEWS = YES;
				GENERATE_INFOPLIST_FILE = YES;
				INFOPLIST_FILE = ChaoVoice/Info.plist;
				INFOPLIST_KEY_UIApplicationSceneManifest_Generation = YES;
				INFOPLIST_KEY_UIApplicationSupportsIndirectInputEvents = YES;
				INFOPLIST_KEY_UILaunchScreen_Generation = YES;
				INFOPLIST_KEY_UISupportedInterfaceOrientations_iPad = "UIInterfaceOrientationPortrait UIInterfaceOrientationPortraitUpsideDown UIInterfaceOrientationLandscapeLeft UIInterfaceOrientationLandscapeRight";
				INFOPLIST_KEY_UISupportedInterfaceOrientations_iPhone = "UIInterfaceOrientationPortrait UIInterfaceOrientationLandscapeLeft UIInterfaceOrientationLandscapeRight";
				IPHONEOS_DEPLOYMENT_TARGET = 17.0;
				LD_RUNPATH_SEARCH_PATHS = (
					"$(inherited)",
					"@executable_path/Frameworks",
				);
				MARKETING_VERSION = 1.0;
				PRODUCT_BUNDLE_IDENTIFIER = app.Doraimon.ChaoVoice;
				PRODUCT_NAME = "$(TARGET_NAME)";
				SWIFT_EMIT_LOC_STRINGS = YES;
				SWIFT_VERSION = 5.0;
				TARGETED_DEVICE_FAMILY = "1,2";
			};
			name = Release;
		};
		7B4CCAEB2DE5EE55009C1F8D /* Debug */ = {
			isa = XCBuildConfiguration;
			buildSettings = {
				BUNDLE_LOADER = "$(TEST_HOST)";
				CODE_SIGN_STYLE = Automatic;
				CURRENT_PROJECT_VERSION = 1;
				GENERATE_INFOPLIST_FILE = YES;
				IPHONEOS_DEPLOYMENT_TARGET = 18.4;
				MARKETING_VERSION = 1.0;
				PRODUCT_BUNDLE_IDENTIFIER = app.Doraimon.ChaoVoiceTests;
				PRODUCT_NAME = "$(TARGET_NAME)";
				SWIFT_EMIT_LOC_STRINGS = NO;
				SWIFT_VERSION = 5.0;
				TARGETED_DEVICE_FAMILY = "1,2";
				TEST_HOST = "$(BUILT_PRODUCTS_DIR)/ChaoVoice.app/$(BUNDLE_EXECUTABLE_FOLDER_PATH)/ChaoVoice";
			};
			name = Debug;
		};
		7B4CCAEC2DE5EE55009C1F8D /* Release */ = {
			isa = XCBuildConfiguration;
			buildSettings = {
				BUNDLE_LOADER = "$(TEST_HOST)";
				CODE_SIGN_STYLE = Automatic;
				CURRENT_PROJECT_VERSION = 1;
				GENERATE_INFOPLIST_FILE = YES;
				IPHONEOS_DEPLOYMENT_TARGET = 18.4;
				MARKETING_VERSION = 1.0;
				PRODUCT_BUNDLE_IDENTIFIER = app.Doraimon.ChaoVoiceTests;
				PRODUCT_NAME = "$(TARGET_NAME)";
				SWIFT_EMIT_LOC_STRINGS = NO;
				SWIFT_VERSION = 5.0;
				TARGETED_DEVICE_FAMILY = "1,2";
				TEST_HOST = "$(BUILT_PRODUCTS_DIR)/ChaoVoice.app/$(BUNDLE_EXECUTABLE_FOLDER_PATH)/ChaoVoice";
			};
			name = Release;
		};
		7B4CCAEE2DE5EE55009C1F8D /* Debug */ = {
			isa = XCBuildConfiguration;
			buildSettings = {
				CODE_SIGN_STYLE = Automatic;
				CURRENT_PROJECT_VERSION = 1;
				GENERATE_INFOPLIST_FILE = YES;
				MARKETING_VERSION = 1.0;
				PRODUCT_BUNDLE_IDENTIFIER = app.Doraimon.ChaoVoiceUITests;
				PRODUCT_NAME = "$(TARGET_NAME)";
				SWIFT_EMIT_LOC_STRINGS = NO;
				SWIFT_VERSION = 5.0;
				TARGETED_DEVICE_FAMILY = "1,2";
				TEST_TARGET_NAME = ChaoVoice;
			};
			name = Debug;
		};
		7B4CCAEF2DE5EE55009C1F8D /* Release */ = {
			isa = XCBuildConfiguration;
			buildSettings = {
				CODE_SIGN_STYLE = Automatic;
				CURRENT_PROJECT_VERSION = 1;
				GENERATE_INFOPLIST_FILE = YES;
				MARKETING_VERSION = 1.0;
				PRODUCT_BUNDLE_IDENTIFIER = app.Doraimon.ChaoVoiceUITests;
				PRODUCT_NAME = "$(TARGET_NAME)";
				SWIFT_EMIT_LOC_STRINGS = NO;
				SWIFT_VERSION = 5.0;
				TARGETED_DEVICE_FAMILY = "1,2";
				TEST_TARGET_NAME = ChaoVoice;
			};
			name = Release;
		};
/* End XCBuildConfiguration section */

/* Begin XCConfigurationList section */
		7B4CCAC12DE5EE53009C1F8D /* Build configuration list for PBXProject "ChaoVoice" */ = {
			isa = XCConfigurationList;
			buildConfigurations = (
				7B4CCAE52DE5EE55009C1F8D /* Debug */,
				7B4CCAE62DE5EE55009C1F8D /* Release */,
			);
			defaultConfigurationIsVisible = 0;
			defaultConfigurationName = Release;
		};
		7B4CCAE72DE5EE55009C1F8D /* Build configuration list for PBXNativeTarget "ChaoVoice" */ = {
			isa = XCConfigurationList;
			buildConfigurations = (
				7B4CCAE82DE5EE55009C1F8D /* Debug */,
				7B4CCAE92DE5EE55009C1F8D /* Release */,
			);
			defaultConfigurationIsVisible = 0;
			defaultConfigurationName = Release;
		};
		7B4CCAEA2DE5EE55009C1F8D /* Build configuration list for PBXNativeTarget "ChaoVoiceTests" */ = {
			isa = XCConfigurationList;
			buildConfigurations = (
				7B4CCAEB2DE5EE55009C1F8D /* Debug */,
				7B4CCAEC2DE5EE55009C1F8D /* Release */,
			);
			defaultConfigurationIsVisible = 0;
			defaultConfigurationName = Release;
		};
		7B4CCAED2DE5EE55009C1F8D /* Build configuration list for PBXNativeTarget "ChaoVoiceUITests" */ = {
			isa = XCConfigurationList;
			buildConfigurations = (
				7B4CCAEE2DE5EE55009C1F8D /* Debug */,
				7B4CCAEF2DE5EE55009C1F8D /* Release */,
			);
			defaultConfigurationIsVisible = 0;
			defaultConfigurationName = Release;
		};
/* End XCConfigurationList section */
	};
	rootObject = 7B4CCABE2DE5EE53009C1F8D /* Project object */;
}
